// !$*UTF8*$!
{
	archiveVersion = 1;
	classes = {
	};
	objectVersion = 46;
	objects = {

/* Begin PBXBuildFile section */
		2A073E0819F5AD530067D132 /* MobileCoreServices.framework in Frameworks */ = {isa = PBXBuildFile; fileRef = 2A073E0719F5AD530067D132 /* MobileCoreServices.framework */; };
		2A073E0A19F5ADBE0067D132 /* CoreLocation.framework in Frameworks */ = {isa = PBXBuildFile; fileRef = 2A073E0919F5ADBE0067D132 /* CoreLocation.framework */; };
		2A0A68F81A1419870070720B /* CoreDataStack.swift in Sources */ = {isa = PBXBuildFile; fileRef = 2A0A68F71A1419870070720B /* CoreDataStack.swift */; };
		2A103EDB1A2294A0007857D1 /* CoreTrashImage.swift in Sources */ = {isa = PBXBuildFile; fileRef = 2A103EDA1A2294A0007857D1 /* CoreTrashImage.swift */; };
		2A103EDD1A2294DE007857D1 /* TrashImage.swift in Sources */ = {isa = PBXBuildFile; fileRef = 2A103EDC1A2294DE007857D1 /* TrashImage.swift */; };
		2A12DB7A1A0EAE9300CE7175 /* Storyboard.storyboard in Resources */ = {isa = PBXBuildFile; fileRef = 2A12DB791A0EAE9300CE7175 /* Storyboard.storyboard */; };
		2A12DB7E1A0EC01300CE7175 /* AddCategoriesTableViewController.swift in Sources */ = {isa = PBXBuildFile; fileRef = 2A12DB7D1A0EC01300CE7175 /* AddCategoriesTableViewController.swift */; };
		2A43AACA19F82659003F7BC7 /* SystemConfiguration.framework in Frameworks */ = {isa = PBXBuildFile; fileRef = 2A43AAC919F82659003F7BC7 /* SystemConfiguration.framework */; };
		2A43AACC19F87D90003F7BC7 /* QuartzCore.framework in Frameworks */ = {isa = PBXBuildFile; fileRef = 2A43AACB19F87D90003F7BC7 /* QuartzCore.framework */; };
		2A68E3141A193660005A7529 /* TextViewHelper.swift in Sources */ = {isa = PBXBuildFile; fileRef = 2A68E3131A193660005A7529 /* TextViewHelper.swift */; };
		2A6B31C219FED2D1002DB4BB /* FilterViewController.swift in Sources */ = {isa = PBXBuildFile; fileRef = 2A6B31C119FED2D1002DB4BB /* FilterViewController.swift */; };
		2A6B31C419FED319002DB4BB /* TopUsersViewController.swift in Sources */ = {isa = PBXBuildFile; fileRef = 2A6B31C319FED319002DB4BB /* TopUsersViewController.swift */; };
		2A6B31C619FED327002DB4BB /* ProfileViewController.swift in Sources */ = {isa = PBXBuildFile; fileRef = 2A6B31C519FED327002DB4BB /* ProfileViewController.swift */; };
		2A77FF821A16DE7800127F10 /* TPKeyboardAvoidingScrollView.m in Sources */ = {isa = PBXBuildFile; fileRef = 2A77FF811A16DE7800127F10 /* TPKeyboardAvoidingScrollView.m */; };
		2A77FF881A16E1DF00127F10 /* UIScrollView+TPKeyboardAvoidingAdditions.m in Sources */ = {isa = PBXBuildFile; fileRef = 2A77FF871A16E1DF00127F10 /* UIScrollView+TPKeyboardAvoidingAdditions.m */; };
		2A8224F21A142AFC00F76CEB /* Trash.swift in Sources */ = {isa = PBXBuildFile; fileRef = 2A8224F11A142AFC00F76CEB /* Trash.swift */; };
		2A8224F41A142B0D00F76CEB /* User.swift in Sources */ = {isa = PBXBuildFile; fileRef = 2A8224F31A142B0D00F76CEB /* User.swift */; };
		2A8224F61A142B1C00F76CEB /* Category.swift in Sources */ = {isa = PBXBuildFile; fileRef = 2A8224F51A142B1C00F76CEB /* Category.swift */; };
		2A8224F81A142B3600F76CEB /* Address.swift in Sources */ = {isa = PBXBuildFile; fileRef = 2A8224F71A142B3600F76CEB /* Address.swift */; };
		2A86BFC319F96B4800B67E7D /* SignUpViewController.swift in Sources */ = {isa = PBXBuildFile; fileRef = 2A86BFC219F96B4800B67E7D /* SignUpViewController.swift */; };
		2A8A91C31A1151E70004D3E5 /* initializer.swift in Sources */ = {isa = PBXBuildFile; fileRef = 2A8A91C21A1151E70004D3E5 /* initializer.swift */; };
		2AAC9D831A17C65A00AB01A9 /* FPTextView.swift in Sources */ = {isa = PBXBuildFile; fileRef = 2AAC9D821A17C65A00AB01A9 /* FPTextView.swift */; };
		2AB1199B19FD6D3F00AC8A06 /* LocalAuthentication.framework in Frameworks */ = {isa = PBXBuildFile; fileRef = 2AB1199A19FD6D3F00AC8A06 /* LocalAuthentication.framework */; };
		2AB5C5B71A1437E000615903 /* MainStoryboard.storyboard in Resources */ = {isa = PBXBuildFile; fileRef = 2AB5C5B61A1437E000615903 /* MainStoryboard.storyboard */; };
		2AC0550319F2E5190068B2E2 /* AppDelegate.swift in Sources */ = {isa = PBXBuildFile; fileRef = 2AC0550219F2E5190068B2E2 /* AppDelegate.swift */; };
		2AC0550619F2E5190068B2E2 /* Trasher.xcdatamodeld in Sources */ = {isa = PBXBuildFile; fileRef = 2AC0550419F2E5190068B2E2 /* Trasher.xcdatamodeld */; };
		2AC0550D19F2E5190068B2E2 /* Images.xcassets in Resources */ = {isa = PBXBuildFile; fileRef = 2AC0550C19F2E5190068B2E2 /* Images.xcassets */; };
		2AC0551019F2E5190068B2E2 /* LaunchScreen.xib in Resources */ = {isa = PBXBuildFile; fileRef = 2AC0550E19F2E5190068B2E2 /* LaunchScreen.xib */; };
		2AC0551C19F2E51A0068B2E2 /* TrasherTests.swift in Sources */ = {isa = PBXBuildFile; fileRef = 2AC0551B19F2E51A0068B2E2 /* TrasherTests.swift */; };
		2AC0552819F2E57F0068B2E2 /* DetailViewController.swift in Sources */ = {isa = PBXBuildFile; fileRef = 2AC0552719F2E57F0068B2E2 /* DetailViewController.swift */; };
		2AC0552C19F2E6110068B2E2 /* MasterTableViewController.swift in Sources */ = {isa = PBXBuildFile; fileRef = 2AC0552B19F2E6110068B2E2 /* MasterTableViewController.swift */; };
		2AC0552E19F2E7610068B2E2 /* AddTrashViewController.swift in Sources */ = {isa = PBXBuildFile; fileRef = 2AC0552D19F2E7610068B2E2 /* AddTrashViewController.swift */; };
		2AC0553019F2E7970068B2E2 /* SearchViewController.swift in Sources */ = {isa = PBXBuildFile; fileRef = 2AC0552F19F2E7970068B2E2 /* SearchViewController.swift */; };
		2ADFD5541A0EEEE1001585D1 /* MainTabBarViewController.swift in Sources */ = {isa = PBXBuildFile; fileRef = 2ADFD5531A0EEEE1001585D1 /* MainTabBarViewController.swift */; };
		2AE6DC431A1E738E00F5C397 /* CoreUserLocations.swift in Sources */ = {isa = PBXBuildFile; fileRef = 2AE6DC421A1E738E00F5C397 /* CoreUserLocations.swift */; };
		2AE6DC451A1E738F00F5C397 /* CoreCategories.swift in Sources */ = {isa = PBXBuildFile; fileRef = 2AE6DC441A1E738F00F5C397 /* CoreCategories.swift */; };
		2AE6DC471A1E738F00F5C397 /* CoreTrash.swift in Sources */ = {isa = PBXBuildFile; fileRef = 2AE6DC461A1E738F00F5C397 /* CoreTrash.swift */; };
		2AE6DC491A1E738F00F5C397 /* CoreUser.swift in Sources */ = {isa = PBXBuildFile; fileRef = 2AE6DC481A1E738F00F5C397 /* CoreUser.swift */; };
		2AE6DC4D1A1E738F00F5C397 /* CoreUserCategories.swift in Sources */ = {isa = PBXBuildFile; fileRef = 2AE6DC4C1A1E738F00F5C397 /* CoreUserCategories.swift */; };
		2AE6DC4F1A1E73D400F5C397 /* CoreLocation.swift in Sources */ = {isa = PBXBuildFile; fileRef = 2AE6DC4E1A1E73D400F5C397 /* CoreLocation.swift */; };
		2AE6DC861A1E998F00F5C397 /* MediaPlayer.framework in Frameworks */ = {isa = PBXBuildFile; fileRef = 2AE6DC851A1E998F00F5C397 /* MediaPlayer.framework */; };
		2AE6DC881A1E999B00F5C397 /* AssetsLibrary.framework in Frameworks */ = {isa = PBXBuildFile; fileRef = 2AE6DC871A1E999B00F5C397 /* AssetsLibrary.framework */; };
		2AE6DCAD1A1E9AD200F5C397 /* ALAsset+accessibilityLabel.m in Sources */ = {isa = PBXBuildFile; fileRef = 2AE6DC8B1A1E9AD200F5C397 /* ALAsset+accessibilityLabel.m */; };
		2AE6DCAE1A1E9AD200F5C397 /* ALAsset+assetType.m in Sources */ = {isa = PBXBuildFile; fileRef = 2AE6DC8D1A1E9AD200F5C397 /* ALAsset+assetType.m */; };
		2AE6DCAF1A1E9AD200F5C397 /* ALAsset+isEqual.m in Sources */ = {isa = PBXBuildFile; fileRef = 2AE6DC8F1A1E9AD200F5C397 /* ALAsset+isEqual.m */; };
		2AE6DCB01A1E9AD200F5C397 /* ALAssetsGroup+isEqual.m in Sources */ = {isa = PBXBuildFile; fileRef = 2AE6DC911A1E9AD200F5C397 /* ALAssetsGroup+isEqual.m */; };
		2AE6DCB11A1E9AD200F5C397 /* CTAssetItemViewController.m in Sources */ = {isa = PBXBuildFile; fileRef = 2AE6DC931A1E9AD200F5C397 /* CTAssetItemViewController.m */; };
		2AE6DCB21A1E9AD200F5C397 /* CTAssetScrollView.m in Sources */ = {isa = PBXBuildFile; fileRef = 2AE6DC951A1E9AD200F5C397 /* CTAssetScrollView.m */; };
		2AE6DCB31A1E9AD200F5C397 /* CTAssetsGroupViewCell.m in Sources */ = {isa = PBXBuildFile; fileRef = 2AE6DC971A1E9AD200F5C397 /* CTAssetsGroupViewCell.m */; };
		2AE6DCB41A1E9AD200F5C397 /* CTAssetsGroupViewController.m in Sources */ = {isa = PBXBuildFile; fileRef = 2AE6DC991A1E9AD200F5C397 /* CTAssetsGroupViewController.m */; };
		2AE6DCB51A1E9AD200F5C397 /* CTAssetsPageViewController.m in Sources */ = {isa = PBXBuildFile; fileRef = 2AE6DC9B1A1E9AD200F5C397 /* CTAssetsPageViewController.m */; };
		2AE6DCB61A1E9AD200F5C397 /* CTAssetsPicker.xcassets in Resources */ = {isa = PBXBuildFile; fileRef = 2AE6DC9C1A1E9AD200F5C397 /* CTAssetsPicker.xcassets */; };
		2AE6DCB71A1E9AD200F5C397 /* CTAssetsPickerController.m in Sources */ = {isa = PBXBuildFile; fileRef = 2AE6DC9F1A1E9AD200F5C397 /* CTAssetsPickerController.m */; };
		2AE6DCB81A1E9AD200F5C397 /* CTAssetsSupplementaryView.m in Sources */ = {isa = PBXBuildFile; fileRef = 2AE6DCA11A1E9AD200F5C397 /* CTAssetsSupplementaryView.m */; };
		2AE6DCB91A1E9AD200F5C397 /* CTAssetsViewCell.m in Sources */ = {isa = PBXBuildFile; fileRef = 2AE6DCA31A1E9AD200F5C397 /* CTAssetsViewCell.m */; };
		2AE6DCBA1A1E9AD200F5C397 /* CTAssetsViewController.m in Sources */ = {isa = PBXBuildFile; fileRef = 2AE6DCA51A1E9AD200F5C397 /* CTAssetsViewController.m */; };
		2AE6DCBB1A1E9AD200F5C397 /* CTAssetsViewControllerTransition.m in Sources */ = {isa = PBXBuildFile; fileRef = 2AE6DCA71A1E9AD200F5C397 /* CTAssetsViewControllerTransition.m */; };
		2AE6DCBC1A1E9AD200F5C397 /* CTAssetsPickerController.strings in Resources */ = {isa = PBXBuildFile; fileRef = 2AE6DCA81A1E9AD200F5C397 /* CTAssetsPickerController.strings */; };
		2AE6DCBD1A1E9AD200F5C397 /* NSDateFormatter+timeIntervalFormatter.m in Sources */ = {isa = PBXBuildFile; fileRef = 2AE6DCAB1A1E9AD200F5C397 /* NSDateFormatter+timeIntervalFormatter.m */; };
		2AFF5AE719F42BCF002B8B57 /* MapKit.framework in Frameworks */ = {isa = PBXBuildFile; fileRef = 2AFF5AE619F42BCF002B8B57 /* MapKit.framework */; };
/* End PBXBuildFile section */

/* Begin PBXContainerItemProxy section */
		2AC0551619F2E51A0068B2E2 /* PBXContainerItemProxy */ = {
			isa = PBXContainerItemProxy;
			containerPortal = 2AC054F519F2E5190068B2E2 /* Project object */;
			proxyType = 1;
			remoteGlobalIDString = 2AC054FC19F2E5190068B2E2;
			remoteInfo = Trasher;
		};
/* End PBXContainerItemProxy section */

/* Begin PBXFileReference section */
		2A073E0719F5AD530067D132 /* MobileCoreServices.framework */ = {isa = PBXFileReference; lastKnownFileType = wrapper.framework; name = MobileCoreServices.framework; path = System/Library/Frameworks/MobileCoreServices.framework; sourceTree = SDKROOT; };
		2A073E0919F5ADBE0067D132 /* CoreLocation.framework */ = {isa = PBXFileReference; lastKnownFileType = wrapper.framework; name = CoreLocation.framework; path = System/Library/Frameworks/CoreLocation.framework; sourceTree = SDKROOT; };
		2A0A68F71A1419870070720B /* CoreDataStack.swift */ = {isa = PBXFileReference; fileEncoding = 4; lastKnownFileType = sourcecode.swift; name = CoreDataStack.swift; path = ../../../.Trash/CoreDataStack.swift; sourceTree = "<group>"; };
		2A103EDA1A2294A0007857D1 /* CoreTrashImage.swift */ = {isa = PBXFileReference; fileEncoding = 4; lastKnownFileType = sourcecode.swift; path = CoreTrashImage.swift; sourceTree = "<group>"; };
		2A103EDC1A2294DE007857D1 /* TrashImage.swift */ = {isa = PBXFileReference; fileEncoding = 4; lastKnownFileType = sourcecode.swift; path = TrashImage.swift; sourceTree = "<group>"; };
		2A12DB791A0EAE9300CE7175 /* Storyboard.storyboard */ = {isa = PBXFileReference; fileEncoding = 4; lastKnownFileType = file.storyboard; path = Storyboard.storyboard; sourceTree = "<group>"; };
		2A12DB7D1A0EC01300CE7175 /* AddCategoriesTableViewController.swift */ = {isa = PBXFileReference; fileEncoding = 4; lastKnownFileType = sourcecode.swift; path = AddCategoriesTableViewController.swift; sourceTree = "<group>"; };
		2A43AAC919F82659003F7BC7 /* SystemConfiguration.framework */ = {isa = PBXFileReference; lastKnownFileType = wrapper.framework; name = SystemConfiguration.framework; path = System/Library/Frameworks/SystemConfiguration.framework; sourceTree = SDKROOT; };
		2A43AACB19F87D90003F7BC7 /* QuartzCore.framework */ = {isa = PBXFileReference; lastKnownFileType = wrapper.framework; name = QuartzCore.framework; path = System/Library/Frameworks/QuartzCore.framework; sourceTree = SDKROOT; };
		2A68E3131A193660005A7529 /* TextViewHelper.swift */ = {isa = PBXFileReference; fileEncoding = 4; lastKnownFileType = sourcecode.swift; path = TextViewHelper.swift; sourceTree = "<group>"; };
		2A6B31C119FED2D1002DB4BB /* FilterViewController.swift */ = {isa = PBXFileReference; fileEncoding = 4; lastKnownFileType = sourcecode.swift; path = FilterViewController.swift; sourceTree = "<group>"; };
		2A6B31C319FED319002DB4BB /* TopUsersViewController.swift */ = {isa = PBXFileReference; fileEncoding = 4; lastKnownFileType = sourcecode.swift; path = TopUsersViewController.swift; sourceTree = "<group>"; };
		2A6B31C519FED327002DB4BB /* ProfileViewController.swift */ = {isa = PBXFileReference; fileEncoding = 4; lastKnownFileType = sourcecode.swift; path = ProfileViewController.swift; sourceTree = "<group>"; };
		2A77FF7F1A16DE7700127F10 /* Trasher-Bridging-Header.h */ = {isa = PBXFileReference; lastKnownFileType = sourcecode.c.h; path = "Trasher-Bridging-Header.h"; sourceTree = "<group>"; };
		2A77FF801A16DE7800127F10 /* TPKeyboardAvoidingScrollView.h */ = {isa = PBXFileReference; fileEncoding = 4; lastKnownFileType = sourcecode.c.h; path = TPKeyboardAvoidingScrollView.h; sourceTree = "<group>"; };
		2A77FF811A16DE7800127F10 /* TPKeyboardAvoidingScrollView.m */ = {isa = PBXFileReference; fileEncoding = 4; lastKnownFileType = sourcecode.c.objc; path = TPKeyboardAvoidingScrollView.m; sourceTree = "<group>"; };
		2A77FF861A16E1DF00127F10 /* UIScrollView+TPKeyboardAvoidingAdditions.h */ = {isa = PBXFileReference; fileEncoding = 4; lastKnownFileType = sourcecode.c.h; path = "UIScrollView+TPKeyboardAvoidingAdditions.h"; sourceTree = "<group>"; };
		2A77FF871A16E1DF00127F10 /* UIScrollView+TPKeyboardAvoidingAdditions.m */ = {isa = PBXFileReference; fileEncoding = 4; lastKnownFileType = sourcecode.c.objc; path = "UIScrollView+TPKeyboardAvoidingAdditions.m"; sourceTree = "<group>"; };
		2A8224F11A142AFC00F76CEB /* Trash.swift */ = {isa = PBXFileReference; fileEncoding = 4; lastKnownFileType = sourcecode.swift; path = Trash.swift; sourceTree = "<group>"; };
		2A8224F31A142B0D00F76CEB /* User.swift */ = {isa = PBXFileReference; fileEncoding = 4; lastKnownFileType = sourcecode.swift; path = User.swift; sourceTree = "<group>"; };
		2A8224F51A142B1C00F76CEB /* Category.swift */ = {isa = PBXFileReference; fileEncoding = 4; lastKnownFileType = sourcecode.swift; path = Category.swift; sourceTree = "<group>"; };
		2A8224F71A142B3600F76CEB /* Address.swift */ = {isa = PBXFileReference; fileEncoding = 4; lastKnownFileType = sourcecode.swift; path = Address.swift; sourceTree = "<group>"; };
		2A86BFC219F96B4800B67E7D /* SignUpViewController.swift */ = {isa = PBXFileReference; fileEncoding = 4; lastKnownFileType = sourcecode.swift; path = SignUpViewController.swift; sourceTree = "<group>"; };
		2A8A91C21A1151E70004D3E5 /* initializer.swift */ = {isa = PBXFileReference; fileEncoding = 4; lastKnownFileType = sourcecode.swift; path = initializer.swift; sourceTree = "<group>"; };
		2AAC9D821A17C65A00AB01A9 /* FPTextView.swift */ = {isa = PBXFileReference; fileEncoding = 4; lastKnownFileType = sourcecode.swift; name = FPTextView.swift; path = ../FPTextView.swift; sourceTree = "<group>"; };
		2AB1199A19FD6D3F00AC8A06 /* LocalAuthentication.framework */ = {isa = PBXFileReference; lastKnownFileType = wrapper.framework; name = LocalAuthentication.framework; path = System/Library/Frameworks/LocalAuthentication.framework; sourceTree = SDKROOT; };
		2AB5C5B61A1437E000615903 /* MainStoryboard.storyboard */ = {isa = PBXFileReference; fileEncoding = 4; lastKnownFileType = file.storyboard; path = MainStoryboard.storyboard; sourceTree = "<group>"; };
		2AC054FD19F2E5190068B2E2 /* Trasher.app */ = {isa = PBXFileReference; explicitFileType = wrapper.application; includeInIndex = 0; path = Trasher.app; sourceTree = BUILT_PRODUCTS_DIR; };
		2AC0550119F2E5190068B2E2 /* Info.plist */ = {isa = PBXFileReference; lastKnownFileType = text.plist.xml; path = Info.plist; sourceTree = "<group>"; };
		2AC0550219F2E5190068B2E2 /* AppDelegate.swift */ = {isa = PBXFileReference; lastKnownFileType = sourcecode.swift; path = AppDelegate.swift; sourceTree = "<group>"; };
		2AC0550519F2E5190068B2E2 /* Trasher.xcdatamodel */ = {isa = PBXFileReference; lastKnownFileType = wrapper.xcdatamodel; path = Trasher.xcdatamodel; sourceTree = "<group>"; };
		2AC0550C19F2E5190068B2E2 /* Images.xcassets */ = {isa = PBXFileReference; lastKnownFileType = folder.assetcatalog; path = Images.xcassets; sourceTree = "<group>"; };
		2AC0550F19F2E5190068B2E2 /* Base */ = {isa = PBXFileReference; lastKnownFileType = file.xib; name = Base; path = Base.lproj/LaunchScreen.xib; sourceTree = "<group>"; };
		2AC0551519F2E51A0068B2E2 /* TrasherTests.xctest */ = {isa = PBXFileReference; explicitFileType = wrapper.cfbundle; includeInIndex = 0; path = TrasherTests.xctest; sourceTree = BUILT_PRODUCTS_DIR; };
		2AC0551A19F2E51A0068B2E2 /* Info.plist */ = {isa = PBXFileReference; lastKnownFileType = text.plist.xml; path = Info.plist; sourceTree = "<group>"; };
		2AC0551B19F2E51A0068B2E2 /* TrasherTests.swift */ = {isa = PBXFileReference; lastKnownFileType = sourcecode.swift; path = TrasherTests.swift; sourceTree = "<group>"; };
		2AC0552719F2E57F0068B2E2 /* DetailViewController.swift */ = {isa = PBXFileReference; fileEncoding = 4; lastKnownFileType = sourcecode.swift; path = DetailViewController.swift; sourceTree = "<group>"; };
		2AC0552B19F2E6110068B2E2 /* MasterTableViewController.swift */ = {isa = PBXFileReference; fileEncoding = 4; lastKnownFileType = sourcecode.swift; path = MasterTableViewController.swift; sourceTree = "<group>"; };
		2AC0552D19F2E7610068B2E2 /* AddTrashViewController.swift */ = {isa = PBXFileReference; fileEncoding = 4; lastKnownFileType = sourcecode.swift; path = AddTrashViewController.swift; sourceTree = "<group>"; };
		2AC0552F19F2E7970068B2E2 /* SearchViewController.swift */ = {isa = PBXFileReference; fileEncoding = 4; lastKnownFileType = sourcecode.swift; path = SearchViewController.swift; sourceTree = "<group>"; };
		2ADFD5531A0EEEE1001585D1 /* MainTabBarViewController.swift */ = {isa = PBXFileReference; fileEncoding = 4; lastKnownFileType = sourcecode.swift; path = MainTabBarViewController.swift; sourceTree = "<group>"; };
		2AE6DC281A1E6AE000F5C397 /* Trasher v1.1.xcdatamodel */ = {isa = PBXFileReference; lastKnownFileType = wrapper.xcdatamodel; path = "Trasher v1.1.xcdatamodel"; sourceTree = "<group>"; };
		2AE6DC421A1E738E00F5C397 /* CoreUserLocations.swift */ = {isa = PBXFileReference; fileEncoding = 4; lastKnownFileType = sourcecode.swift; path = CoreUserLocations.swift; sourceTree = "<group>"; };
		2AE6DC441A1E738F00F5C397 /* CoreCategories.swift */ = {isa = PBXFileReference; fileEncoding = 4; lastKnownFileType = sourcecode.swift; path = CoreCategories.swift; sourceTree = "<group>"; };
		2AE6DC461A1E738F00F5C397 /* CoreTrash.swift */ = {isa = PBXFileReference; fileEncoding = 4; lastKnownFileType = sourcecode.swift; path = CoreTrash.swift; sourceTree = "<group>"; };
		2AE6DC481A1E738F00F5C397 /* CoreUser.swift */ = {isa = PBXFileReference; fileEncoding = 4; lastKnownFileType = sourcecode.swift; path = CoreUser.swift; sourceTree = "<group>"; };
		2AE6DC4C1A1E738F00F5C397 /* CoreUserCategories.swift */ = {isa = PBXFileReference; fileEncoding = 4; lastKnownFileType = sourcecode.swift; path = CoreUserCategories.swift; sourceTree = "<group>"; };
		2AE6DC4E1A1E73D400F5C397 /* CoreLocation.swift */ = {isa = PBXFileReference; fileEncoding = 4; lastKnownFileType = sourcecode.swift; path = CoreLocation.swift; sourceTree = "<group>"; };
		2AE6DC851A1E998F00F5C397 /* MediaPlayer.framework */ = {isa = PBXFileReference; lastKnownFileType = wrapper.framework; name = MediaPlayer.framework; path = System/Library/Frameworks/MediaPlayer.framework; sourceTree = SDKROOT; };
		2AE6DC871A1E999B00F5C397 /* AssetsLibrary.framework */ = {isa = PBXFileReference; lastKnownFileType = wrapper.framework; name = AssetsLibrary.framework; path = System/Library/Frameworks/AssetsLibrary.framework; sourceTree = SDKROOT; };
		2AE6DC8A1A1E9AD200F5C397 /* ALAsset+accessibilityLabel.h */ = {isa = PBXFileReference; fileEncoding = 4; lastKnownFileType = sourcecode.c.h; path = "ALAsset+accessibilityLabel.h"; sourceTree = "<group>"; };
		2AE6DC8B1A1E9AD200F5C397 /* ALAsset+accessibilityLabel.m */ = {isa = PBXFileReference; fileEncoding = 4; lastKnownFileType = sourcecode.c.objc; path = "ALAsset+accessibilityLabel.m"; sourceTree = "<group>"; };
		2AE6DC8C1A1E9AD200F5C397 /* ALAsset+assetType.h */ = {isa = PBXFileReference; fileEncoding = 4; lastKnownFileType = sourcecode.c.h; path = "ALAsset+assetType.h"; sourceTree = "<group>"; };
		2AE6DC8D1A1E9AD200F5C397 /* ALAsset+assetType.m */ = {isa = PBXFileReference; fileEncoding = 4; lastKnownFileType = sourcecode.c.objc; path = "ALAsset+assetType.m"; sourceTree = "<group>"; };
		2AE6DC8E1A1E9AD200F5C397 /* ALAsset+isEqual.h */ = {isa = PBXFileReference; fileEncoding = 4; lastKnownFileType = sourcecode.c.h; path = "ALAsset+isEqual.h"; sourceTree = "<group>"; };
		2AE6DC8F1A1E9AD200F5C397 /* ALAsset+isEqual.m */ = {isa = PBXFileReference; fileEncoding = 4; lastKnownFileType = sourcecode.c.objc; path = "ALAsset+isEqual.m"; sourceTree = "<group>"; };
		2AE6DC901A1E9AD200F5C397 /* ALAssetsGroup+isEqual.h */ = {isa = PBXFileReference; fileEncoding = 4; lastKnownFileType = sourcecode.c.h; path = "ALAssetsGroup+isEqual.h"; sourceTree = "<group>"; };
		2AE6DC911A1E9AD200F5C397 /* ALAssetsGroup+isEqual.m */ = {isa = PBXFileReference; fileEncoding = 4; lastKnownFileType = sourcecode.c.objc; path = "ALAssetsGroup+isEqual.m"; sourceTree = "<group>"; };
		2AE6DC921A1E9AD200F5C397 /* CTAssetItemViewController.h */ = {isa = PBXFileReference; fileEncoding = 4; lastKnownFileType = sourcecode.c.h; path = CTAssetItemViewController.h; sourceTree = "<group>"; };
		2AE6DC931A1E9AD200F5C397 /* CTAssetItemViewController.m */ = {isa = PBXFileReference; fileEncoding = 4; lastKnownFileType = sourcecode.c.objc; path = CTAssetItemViewController.m; sourceTree = "<group>"; };
		2AE6DC941A1E9AD200F5C397 /* CTAssetScrollView.h */ = {isa = PBXFileReference; fileEncoding = 4; lastKnownFileType = sourcecode.c.h; path = CTAssetScrollView.h; sourceTree = "<group>"; };
		2AE6DC951A1E9AD200F5C397 /* CTAssetScrollView.m */ = {isa = PBXFileReference; fileEncoding = 4; lastKnownFileType = sourcecode.c.objc; path = CTAssetScrollView.m; sourceTree = "<group>"; };
		2AE6DC961A1E9AD200F5C397 /* CTAssetsGroupViewCell.h */ = {isa = PBXFileReference; fileEncoding = 4; lastKnownFileType = sourcecode.c.h; path = CTAssetsGroupViewCell.h; sourceTree = "<group>"; };
		2AE6DC971A1E9AD200F5C397 /* CTAssetsGroupViewCell.m */ = {isa = PBXFileReference; fileEncoding = 4; lastKnownFileType = sourcecode.c.objc; path = CTAssetsGroupViewCell.m; sourceTree = "<group>"; };
		2AE6DC981A1E9AD200F5C397 /* CTAssetsGroupViewController.h */ = {isa = PBXFileReference; fileEncoding = 4; lastKnownFileType = sourcecode.c.h; path = CTAssetsGroupViewController.h; sourceTree = "<group>"; };
		2AE6DC991A1E9AD200F5C397 /* CTAssetsGroupViewController.m */ = {isa = PBXFileReference; fileEncoding = 4; lastKnownFileType = sourcecode.c.objc; path = CTAssetsGroupViewController.m; sourceTree = "<group>"; };
		2AE6DC9A1A1E9AD200F5C397 /* CTAssetsPageViewController.h */ = {isa = PBXFileReference; fileEncoding = 4; lastKnownFileType = sourcecode.c.h; path = CTAssetsPageViewController.h; sourceTree = "<group>"; };
		2AE6DC9B1A1E9AD200F5C397 /* CTAssetsPageViewController.m */ = {isa = PBXFileReference; fileEncoding = 4; lastKnownFileType = sourcecode.c.objc; path = CTAssetsPageViewController.m; sourceTree = "<group>"; };
		2AE6DC9C1A1E9AD200F5C397 /* CTAssetsPicker.xcassets */ = {isa = PBXFileReference; lastKnownFileType = folder.assetcatalog; path = CTAssetsPicker.xcassets; sourceTree = "<group>"; };
		2AE6DC9D1A1E9AD200F5C397 /* CTAssetsPickerCommon.h */ = {isa = PBXFileReference; fileEncoding = 4; lastKnownFileType = sourcecode.c.h; path = CTAssetsPickerCommon.h; sourceTree = "<group>"; };
		2AE6DC9E1A1E9AD200F5C397 /* CTAssetsPickerController.h */ = {isa = PBXFileReference; fileEncoding = 4; lastKnownFileType = sourcecode.c.h; path = CTAssetsPickerController.h; sourceTree = "<group>"; };
		2AE6DC9F1A1E9AD200F5C397 /* CTAssetsPickerController.m */ = {isa = PBXFileReference; fileEncoding = 4; lastKnownFileType = sourcecode.c.objc; path = CTAssetsPickerController.m; sourceTree = "<group>"; };
		2AE6DCA01A1E9AD200F5C397 /* CTAssetsSupplementaryView.h */ = {isa = PBXFileReference; fileEncoding = 4; lastKnownFileType = sourcecode.c.h; path = CTAssetsSupplementaryView.h; sourceTree = "<group>"; };
		2AE6DCA11A1E9AD200F5C397 /* CTAssetsSupplementaryView.m */ = {isa = PBXFileReference; fileEncoding = 4; lastKnownFileType = sourcecode.c.objc; path = CTAssetsSupplementaryView.m; sourceTree = "<group>"; };
		2AE6DCA21A1E9AD200F5C397 /* CTAssetsViewCell.h */ = {isa = PBXFileReference; fileEncoding = 4; lastKnownFileType = sourcecode.c.h; path = CTAssetsViewCell.h; sourceTree = "<group>"; };
		2AE6DCA31A1E9AD200F5C397 /* CTAssetsViewCell.m */ = {isa = PBXFileReference; fileEncoding = 4; lastKnownFileType = sourcecode.c.objc; path = CTAssetsViewCell.m; sourceTree = "<group>"; };
		2AE6DCA41A1E9AD200F5C397 /* CTAssetsViewController.h */ = {isa = PBXFileReference; fileEncoding = 4; lastKnownFileType = sourcecode.c.h; path = CTAssetsViewController.h; sourceTree = "<group>"; };
		2AE6DCA51A1E9AD200F5C397 /* CTAssetsViewController.m */ = {isa = PBXFileReference; fileEncoding = 4; lastKnownFileType = sourcecode.c.objc; path = CTAssetsViewController.m; sourceTree = "<group>"; };
		2AE6DCA61A1E9AD200F5C397 /* CTAssetsViewControllerTransition.h */ = {isa = PBXFileReference; fileEncoding = 4; lastKnownFileType = sourcecode.c.h; path = CTAssetsViewControllerTransition.h; sourceTree = "<group>"; };
		2AE6DCA71A1E9AD200F5C397 /* CTAssetsViewControllerTransition.m */ = {isa = PBXFileReference; fileEncoding = 4; lastKnownFileType = sourcecode.c.objc; path = CTAssetsViewControllerTransition.m; sourceTree = "<group>"; };
		2AE6DCA91A1E9AD200F5C397 /* en */ = {isa = PBXFileReference; lastKnownFileType = text.plist.strings; name = en; path = en.lproj/CTAssetsPickerController.strings; sourceTree = "<group>"; };
		2AE6DCAA1A1E9AD200F5C397 /* NSDateFormatter+timeIntervalFormatter.h */ = {isa = PBXFileReference; fileEncoding = 4; lastKnownFileType = sourcecode.c.h; path = "NSDateFormatter+timeIntervalFormatter.h"; sourceTree = "<group>"; };
		2AE6DCAB1A1E9AD200F5C397 /* NSDateFormatter+timeIntervalFormatter.m */ = {isa = PBXFileReference; fileEncoding = 4; lastKnownFileType = sourcecode.c.objc; path = "NSDateFormatter+timeIntervalFormatter.m"; sourceTree = "<group>"; };
		2AE6DCAC1A1E9AD200F5C397 /* zh-Hant */ = {isa = PBXFileReference; lastKnownFileType = text.plist.strings; name = "zh-Hant"; path = "zh-Hant.lproj/CTAssetsPickerController.strings"; sourceTree = "<group>"; };
		2AFF5AE619F42BCF002B8B57 /* MapKit.framework */ = {isa = PBXFileReference; lastKnownFileType = wrapper.framework; name = MapKit.framework; path = System/Library/Frameworks/MapKit.framework; sourceTree = SDKROOT; };
/* End PBXFileReference section */

/* Begin PBXFrameworksBuildPhase section */
		2AC054FA19F2E5190068B2E2 /* Frameworks */ = {
			isa = PBXFrameworksBuildPhase;
			buildActionMask = 2147483647;
			files = (
				2AE6DC881A1E999B00F5C397 /* AssetsLibrary.framework in Frameworks */,
				2AE6DC861A1E998F00F5C397 /* MediaPlayer.framework in Frameworks */,
				2AB1199B19FD6D3F00AC8A06 /* LocalAuthentication.framework in Frameworks */,
				2A43AACC19F87D90003F7BC7 /* QuartzCore.framework in Frameworks */,
				2A43AACA19F82659003F7BC7 /* SystemConfiguration.framework in Frameworks */,
				2A073E0A19F5ADBE0067D132 /* CoreLocation.framework in Frameworks */,
				2A073E0819F5AD530067D132 /* MobileCoreServices.framework in Frameworks */,
				2AFF5AE719F42BCF002B8B57 /* MapKit.framework in Frameworks */,
			);
			runOnlyForDeploymentPostprocessing = 0;
		};
		2AC0551219F2E51A0068B2E2 /* Frameworks */ = {
			isa = PBXFrameworksBuildPhase;
			buildActionMask = 2147483647;
			files = (
			);
			runOnlyForDeploymentPostprocessing = 0;
		};
/* End PBXFrameworksBuildPhase section */

/* Begin PBXGroup section */
		2A68E3151A19366C005A7529 /* helpers */ = {
			isa = PBXGroup;
			children = (
				2A68E3131A193660005A7529 /* TextViewHelper.swift */,
			);
			name = helpers;
			sourceTree = "<group>";
		};
		2A77FF7E1A16DDAF00127F10 /* external_libs */ = {
			isa = PBXGroup;
			children = (
				2AE6DC891A1E9AD200F5C397 /* CTAssetsPickerController */,
				2AAC9D821A17C65A00AB01A9 /* FPTextView.swift */,
				2A77FF861A16E1DF00127F10 /* UIScrollView+TPKeyboardAvoidingAdditions.h */,
				2A77FF871A16E1DF00127F10 /* UIScrollView+TPKeyboardAvoidingAdditions.m */,
				2A77FF801A16DE7800127F10 /* TPKeyboardAvoidingScrollView.h */,
				2A77FF811A16DE7800127F10 /* TPKeyboardAvoidingScrollView.m */,
				2A77FF7F1A16DE7700127F10 /* Trasher-Bridging-Header.h */,
			);
			name = external_libs;
			sourceTree = "<group>";
		};
		2A8A91C11A1151CB0004D3E5 /* initializers */ = {
			isa = PBXGroup;
			children = (
				2A8A91C21A1151E70004D3E5 /* initializer.swift */,
			);
			name = initializers;
			sourceTree = "<group>";
		};
		2AC054F419F2E5190068B2E2 = {
			isa = PBXGroup;
			children = (
				2AC054FF19F2E5190068B2E2 /* Trasher */,
				2AC0551819F2E51A0068B2E2 /* TrasherTests */,
				2AC054FE19F2E5190068B2E2 /* Products */,
				2AFF5AE819F42C32002B8B57 /* Frameworks */,
			);
			sourceTree = "<group>";
		};
		2AC054FE19F2E5190068B2E2 /* Products */ = {
			isa = PBXGroup;
			children = (
				2AC054FD19F2E5190068B2E2 /* Trasher.app */,
				2AC0551519F2E51A0068B2E2 /* TrasherTests.xctest */,
			);
			name = Products;
			sourceTree = "<group>";
		};
		2AC054FF19F2E5190068B2E2 /* Trasher */ = {
			isa = PBXGroup;
			children = (
				2AE6DC291A1E711B00F5C397 /* CoreModels */,
				2A68E3151A19366C005A7529 /* helpers */,
				2A77FF7E1A16DDAF00127F10 /* external_libs */,
				2A8A91C11A1151CB0004D3E5 /* initializers */,
				2AC0553919F2F5F50068B2E2 /* models */,
				2AC0552F19F2E7970068B2E2 /* SearchViewController.swift */,
				2A0A68F71A1419870070720B /* CoreDataStack.swift */,
				2A12DB7D1A0EC01300CE7175 /* AddCategoriesTableViewController.swift */,
				2A12DB791A0EAE9300CE7175 /* Storyboard.storyboard */,
				2ADFD5531A0EEEE1001585D1 /* MainTabBarViewController.swift */,
				2A6B31C119FED2D1002DB4BB /* FilterViewController.swift */,
				2A6B31C319FED319002DB4BB /* TopUsersViewController.swift */,
				2A6B31C519FED327002DB4BB /* ProfileViewController.swift */,
				2AC0552D19F2E7610068B2E2 /* AddTrashViewController.swift */,
				2AC0552B19F2E6110068B2E2 /* MasterTableViewController.swift */,
				2AC0550219F2E5190068B2E2 /* AppDelegate.swift */,
				2A86BFC219F96B4800B67E7D /* SignUpViewController.swift */,
				2AC0552719F2E57F0068B2E2 /* DetailViewController.swift */,
				2AC0550C19F2E5190068B2E2 /* Images.xcassets */,
				2AC0550E19F2E5190068B2E2 /* LaunchScreen.xib */,
				2AC0550419F2E5190068B2E2 /* Trasher.xcdatamodeld */,
				2AB5C5B61A1437E000615903 /* MainStoryboard.storyboard */,
				2AC0550019F2E5190068B2E2 /* Supporting Files */,
			);
			path = Trasher;
			sourceTree = "<group>";
		};
		2AC0550019F2E5190068B2E2 /* Supporting Files */ = {
			isa = PBXGroup;
			children = (
				2AC0550119F2E5190068B2E2 /* Info.plist */,
			);
			name = "Supporting Files";
			sourceTree = "<group>";
		};
		2AC0551819F2E51A0068B2E2 /* TrasherTests */ = {
			isa = PBXGroup;
			children = (
				2AC0551B19F2E51A0068B2E2 /* TrasherTests.swift */,
				2AC0551919F2E51A0068B2E2 /* Supporting Files */,
			);
			path = TrasherTests;
			sourceTree = "<group>";
		};
		2AC0551919F2E51A0068B2E2 /* Supporting Files */ = {
			isa = PBXGroup;
			children = (
				2AC0551A19F2E51A0068B2E2 /* Info.plist */,
			);
			name = "Supporting Files";
			sourceTree = "<group>";
		};
		2AC0553919F2F5F50068B2E2 /* models */ = {
			isa = PBXGroup;
			children = (
				2A8224F11A142AFC00F76CEB /* Trash.swift */,
				2A8224F31A142B0D00F76CEB /* User.swift */,
				2A8224F51A142B1C00F76CEB /* Category.swift */,
				2A8224F71A142B3600F76CEB /* Address.swift */,
				2A103EDC1A2294DE007857D1 /* TrashImage.swift */,
			);
			name = models;
			sourceTree = "<group>";
		};
		2AE6DC291A1E711B00F5C397 /* CoreModels */ = {
			isa = PBXGroup;
			children = (
				2A103EDA1A2294A0007857D1 /* CoreTrashImage.swift */,
				2AE6DC4E1A1E73D400F5C397 /* CoreLocation.swift */,
				2AE6DC4C1A1E738F00F5C397 /* CoreUserCategories.swift */,
				2AE6DC481A1E738F00F5C397 /* CoreUser.swift */,
				2AE6DC461A1E738F00F5C397 /* CoreTrash.swift */,
				2AE6DC441A1E738F00F5C397 /* CoreCategories.swift */,
				2AE6DC421A1E738E00F5C397 /* CoreUserLocations.swift */,
			);
			name = CoreModels;
			sourceTree = "<group>";
		};
		2AE6DC891A1E9AD200F5C397 /* CTAssetsPickerController */ = {
			isa = PBXGroup;
			children = (
				2AE6DC8A1A1E9AD200F5C397 /* ALAsset+accessibilityLabel.h */,
				2AE6DC8B1A1E9AD200F5C397 /* ALAsset+accessibilityLabel.m */,
				2AE6DC8C1A1E9AD200F5C397 /* ALAsset+assetType.h */,
				2AE6DC8D1A1E9AD200F5C397 /* ALAsset+assetType.m */,
				2AE6DC8E1A1E9AD200F5C397 /* ALAsset+isEqual.h */,
				2AE6DC8F1A1E9AD200F5C397 /* ALAsset+isEqual.m */,
				2AE6DC901A1E9AD200F5C397 /* ALAssetsGroup+isEqual.h */,
				2AE6DC911A1E9AD200F5C397 /* ALAssetsGroup+isEqual.m */,
				2AE6DC921A1E9AD200F5C397 /* CTAssetItemViewController.h */,
				2AE6DC931A1E9AD200F5C397 /* CTAssetItemViewController.m */,
				2AE6DC941A1E9AD200F5C397 /* CTAssetScrollView.h */,
				2AE6DC951A1E9AD200F5C397 /* CTAssetScrollView.m */,
				2AE6DC961A1E9AD200F5C397 /* CTAssetsGroupViewCell.h */,
				2AE6DC971A1E9AD200F5C397 /* CTAssetsGroupViewCell.m */,
				2AE6DC981A1E9AD200F5C397 /* CTAssetsGroupViewController.h */,
				2AE6DC991A1E9AD200F5C397 /* CTAssetsGroupViewController.m */,
				2AE6DC9A1A1E9AD200F5C397 /* CTAssetsPageViewController.h */,
				2AE6DC9B1A1E9AD200F5C397 /* CTAssetsPageViewController.m */,
				2AE6DC9C1A1E9AD200F5C397 /* CTAssetsPicker.xcassets */,
				2AE6DC9D1A1E9AD200F5C397 /* CTAssetsPickerCommon.h */,
				2AE6DC9E1A1E9AD200F5C397 /* CTAssetsPickerController.h */,
				2AE6DC9F1A1E9AD200F5C397 /* CTAssetsPickerController.m */,
				2AE6DCA01A1E9AD200F5C397 /* CTAssetsSupplementaryView.h */,
				2AE6DCA11A1E9AD200F5C397 /* CTAssetsSupplementaryView.m */,
				2AE6DCA21A1E9AD200F5C397 /* CTAssetsViewCell.h */,
				2AE6DCA31A1E9AD200F5C397 /* CTAssetsViewCell.m */,
				2AE6DCA41A1E9AD200F5C397 /* CTAssetsViewController.h */,
				2AE6DCA51A1E9AD200F5C397 /* CTAssetsViewController.m */,
				2AE6DCA61A1E9AD200F5C397 /* CTAssetsViewControllerTransition.h */,
				2AE6DCA71A1E9AD200F5C397 /* CTAssetsViewControllerTransition.m */,
				2AE6DCA81A1E9AD200F5C397 /* CTAssetsPickerController.strings */,
				2AE6DCAA1A1E9AD200F5C397 /* NSDateFormatter+timeIntervalFormatter.h */,
				2AE6DCAB1A1E9AD200F5C397 /* NSDateFormatter+timeIntervalFormatter.m */,
			);
			name = CTAssetsPickerController;
			path = "../../../Downloads/CTAssetsPickerController-master/CTAssetsPickerController";
			sourceTree = "<group>";
		};
		2AFF5AE819F42C32002B8B57 /* Frameworks */ = {
			isa = PBXGroup;
			children = (
				2AE6DC871A1E999B00F5C397 /* AssetsLibrary.framework */,
				2AE6DC851A1E998F00F5C397 /* MediaPlayer.framework */,
				2AB1199A19FD6D3F00AC8A06 /* LocalAuthentication.framework */,
				2A43AACB19F87D90003F7BC7 /* QuartzCore.framework */,
				2A43AAC919F82659003F7BC7 /* SystemConfiguration.framework */,
				2A073E0919F5ADBE0067D132 /* CoreLocation.framework */,
				2A073E0719F5AD530067D132 /* MobileCoreServices.framework */,
				2AFF5AE619F42BCF002B8B57 /* MapKit.framework */,
			);
			name = Frameworks;
			sourceTree = "<group>";
		};
/* End PBXGroup section */

/* Begin PBXNativeTarget section */
		2AC054FC19F2E5190068B2E2 /* Trasher */ = {
			isa = PBXNativeTarget;
			buildConfigurationList = 2AC0551F19F2E51A0068B2E2 /* Build configuration list for PBXNativeTarget "Trasher" */;
			buildPhases = (
				2AC054F919F2E5190068B2E2 /* Sources */,
				2AC054FA19F2E5190068B2E2 /* Frameworks */,
				2AC054FB19F2E5190068B2E2 /* Resources */,
			);
			buildRules = (
			);
			dependencies = (
			);
			name = Trasher;
			productName = Trasher;
			productReference = 2AC054FD19F2E5190068B2E2 /* Trasher.app */;
			productType = "com.apple.product-type.application";
		};
		2AC0551419F2E51A0068B2E2 /* TrasherTests */ = {
			isa = PBXNativeTarget;
			buildConfigurationList = 2AC0552219F2E51A0068B2E2 /* Build configuration list for PBXNativeTarget "TrasherTests" */;
			buildPhases = (
				2AC0551119F2E51A0068B2E2 /* Sources */,
				2AC0551219F2E51A0068B2E2 /* Frameworks */,
				2AC0551319F2E51A0068B2E2 /* Resources */,
			);
			buildRules = (
			);
			dependencies = (
				2AC0551719F2E51A0068B2E2 /* PBXTargetDependency */,
			);
			name = TrasherTests;
			productName = TrasherTests;
			productReference = 2AC0551519F2E51A0068B2E2 /* TrasherTests.xctest */;
			productType = "com.apple.product-type.bundle.unit-test";
		};
/* End PBXNativeTarget section */

/* Begin PBXProject section */
		2AC054F519F2E5190068B2E2 /* Project object */ = {
			isa = PBXProject;
			attributes = {
				LastUpgradeCheck = 0600;
				ORGANIZATIONNAME = "Frederick Pearson";
				TargetAttributes = {
					2AC054FC19F2E5190068B2E2 = {
						CreatedOnToolsVersion = 6.0.1;
					};
					2AC0551419F2E51A0068B2E2 = {
						CreatedOnToolsVersion = 6.0.1;
						TestTargetID = 2AC054FC19F2E5190068B2E2;
					};
				};
			};
			buildConfigurationList = 2AC054F819F2E5190068B2E2 /* Build configuration list for PBXProject "Trasher" */;
			compatibilityVersion = "Xcode 3.2";
			developmentRegion = English;
			hasScannedForEncodings = 0;
			knownRegions = (
				en,
				Base,
				"zh-Hant",
			);
			mainGroup = 2AC054F419F2E5190068B2E2;
			productRefGroup = 2AC054FE19F2E5190068B2E2 /* Products */;
			projectDirPath = "";
			projectRoot = "";
			targets = (
				2AC054FC19F2E5190068B2E2 /* Trasher */,
				2AC0551419F2E51A0068B2E2 /* TrasherTests */,
			);
		};
/* End PBXProject section */

/* Begin PBXResourcesBuildPhase section */
		2AC054FB19F2E5190068B2E2 /* Resources */ = {
			isa = PBXResourcesBuildPhase;
			buildActionMask = 2147483647;
			files = (
				2AE6DCBC1A1E9AD200F5C397 /* CTAssetsPickerController.strings in Resources */,
				2AE6DCB61A1E9AD200F5C397 /* CTAssetsPicker.xcassets in Resources */,
				2A12DB7A1A0EAE9300CE7175 /* Storyboard.storyboard in Resources */,
				2AC0551019F2E5190068B2E2 /* LaunchScreen.xib in Resources */,
				2AB5C5B71A1437E000615903 /* MainStoryboard.storyboard in Resources */,
				2AC0550D19F2E5190068B2E2 /* Images.xcassets in Resources */,
			);
			runOnlyForDeploymentPostprocessing = 0;
		};
		2AC0551319F2E51A0068B2E2 /* Resources */ = {
			isa = PBXResourcesBuildPhase;
			buildActionMask = 2147483647;
			files = (
			);
			runOnlyForDeploymentPostprocessing = 0;
		};
/* End PBXResourcesBuildPhase section */

/* Begin PBXSourcesBuildPhase section */
		2AC054F919F2E5190068B2E2 /* Sources */ = {
			isa = PBXSourcesBuildPhase;
			buildActionMask = 2147483647;
			files = (
				2A8224F81A142B3600F76CEB /* Address.swift in Sources */,
				2A8A91C31A1151E70004D3E5 /* initializer.swift in Sources */,
				2AE6DCB41A1E9AD200F5C397 /* CTAssetsGroupViewController.m in Sources */,
				2AE6DCAE1A1E9AD200F5C397 /* ALAsset+assetType.m in Sources */,
				2AC0553019F2E7970068B2E2 /* SearchViewController.swift in Sources */,
				2AE6DCB71A1E9AD200F5C397 /* CTAssetsPickerController.m in Sources */,
				2A0A68F81A1419870070720B /* CoreDataStack.swift in Sources */,
				2AE6DCB31A1E9AD200F5C397 /* CTAssetsGroupViewCell.m in Sources */,
				2ADFD5541A0EEEE1001585D1 /* MainTabBarViewController.swift in Sources */,
				2A8224F41A142B0D00F76CEB /* User.swift in Sources */,
				2AC0550319F2E5190068B2E2 /* AppDelegate.swift in Sources */,
				2A86BFC319F96B4800B67E7D /* SignUpViewController.swift in Sources */,
				2AE6DCAD1A1E9AD200F5C397 /* ALAsset+accessibilityLabel.m in Sources */,
				2AE6DCB81A1E9AD200F5C397 /* CTAssetsSupplementaryView.m in Sources */,
				2A8224F21A142AFC00F76CEB /* Trash.swift in Sources */,
				2AE6DC4D1A1E738F00F5C397 /* CoreUserCategories.swift in Sources */,
				2A77FF881A16E1DF00127F10 /* UIScrollView+TPKeyboardAvoidingAdditions.m in Sources */,
				2A6B31C219FED2D1002DB4BB /* FilterViewController.swift in Sources */,
				2AC0550619F2E5190068B2E2 /* Trasher.xcdatamodeld in Sources */,
				2AC0552C19F2E6110068B2E2 /* MasterTableViewController.swift in Sources */,
				2AE6DCB51A1E9AD200F5C397 /* CTAssetsPageViewController.m in Sources */,
				2A8224F61A142B1C00F76CEB /* Category.swift in Sources */,
				2AC0552E19F2E7610068B2E2 /* AddTrashViewController.swift in Sources */,
				2A12DB7E1A0EC01300CE7175 /* AddCategoriesTableViewController.swift in Sources */,
				2AE6DCB21A1E9AD200F5C397 /* CTAssetScrollView.m in Sources */,
				2AE6DC471A1E738F00F5C397 /* CoreTrash.swift in Sources */,
				2AE6DCB91A1E9AD200F5C397 /* CTAssetsViewCell.m in Sources */,
				2A77FF821A16DE7800127F10 /* TPKeyboardAvoidingScrollView.m in Sources */,
				2AE6DC4F1A1E73D400F5C397 /* CoreLocation.swift in Sources */,
				2A6B31C619FED327002DB4BB /* ProfileViewController.swift in Sources */,
				2AE6DCB11A1E9AD200F5C397 /* CTAssetItemViewController.m in Sources */,
				2AE6DCBD1A1E9AD200F5C397 /* NSDateFormatter+timeIntervalFormatter.m in Sources */,
				2AAC9D831A17C65A00AB01A9 /* FPTextView.swift in Sources */,
				2AE6DC431A1E738E00F5C397 /* CoreUserLocations.swift in Sources */,
				2AE6DCBA1A1E9AD200F5C397 /* CTAssetsViewController.m in Sources */,
				2AE6DCAF1A1E9AD200F5C397 /* ALAsset+isEqual.m in Sources */,
				2A68E3141A193660005A7529 /* TextViewHelper.swift in Sources */,
				2A103EDD1A2294DE007857D1 /* TrashImage.swift in Sources */,
				2AC0552819F2E57F0068B2E2 /* DetailViewController.swift in Sources */,
				2AE6DC491A1E738F00F5C397 /* CoreUser.swift in Sources */,
				2AE6DC451A1E738F00F5C397 /* CoreCategories.swift in Sources */,
				2AE6DCB01A1E9AD200F5C397 /* ALAssetsGroup+isEqual.m in Sources */,
				2A103EDB1A2294A0007857D1 /* CoreTrashImage.swift in Sources */,
				2A6B31C419FED319002DB4BB /* TopUsersViewController.swift in Sources */,
				2AE6DCBB1A1E9AD200F5C397 /* CTAssetsViewControllerTransition.m in Sources */,
			);
			runOnlyForDeploymentPostprocessing = 0;
		};
		2AC0551119F2E51A0068B2E2 /* Sources */ = {
			isa = PBXSourcesBuildPhase;
			buildActionMask = 2147483647;
			files = (
				2AC0551C19F2E51A0068B2E2 /* TrasherTests.swift in Sources */,
			);
			runOnlyForDeploymentPostprocessing = 0;
		};
/* End PBXSourcesBuildPhase section */

/* Begin PBXTargetDependency section */
		2AC0551719F2E51A0068B2E2 /* PBXTargetDependency */ = {
			isa = PBXTargetDependency;
			target = 2AC054FC19F2E5190068B2E2 /* Trasher */;
			targetProxy = 2AC0551619F2E51A0068B2E2 /* PBXContainerItemProxy */;
		};
/* End PBXTargetDependency section */

/* Begin PBXVariantGroup section */
		2AC0550E19F2E5190068B2E2 /* LaunchScreen.xib */ = {
			isa = PBXVariantGroup;
			children = (
				2AC0550F19F2E5190068B2E2 /* Base */,
			);
			name = LaunchScreen.xib;
			sourceTree = "<group>";
		};
		2AE6DCA81A1E9AD200F5C397 /* CTAssetsPickerController.strings */ = {
			isa = PBXVariantGroup;
			children = (
				2AE6DCA91A1E9AD200F5C397 /* en */,
				2AE6DCAC1A1E9AD200F5C397 /* zh-Hant */,
			);
			name = CTAssetsPickerController.strings;
			sourceTree = "<group>";
		};
/* End PBXVariantGroup section */

/* Begin XCBuildConfiguration section */
		2AC0551D19F2E51A0068B2E2 /* Debug */ = {
			isa = XCBuildConfiguration;
			buildSettings = {
				ALWAYS_SEARCH_USER_PATHS = NO;
				CLANG_CXX_LANGUAGE_STANDARD = "gnu++0x";
				CLANG_CXX_LIBRARY = "libc++";
				CLANG_ENABLE_MODULES = YES;
				CLANG_ENABLE_OBJC_ARC = YES;
				CLANG_WARN_BOOL_CONVERSION = YES;
				CLANG_WARN_CONSTANT_CONVERSION = YES;
				CLANG_WARN_DIRECT_OBJC_ISA_USAGE = YES_ERROR;
				CLANG_WARN_EMPTY_BODY = YES;
				CLANG_WARN_ENUM_CONVERSION = YES;
				CLANG_WARN_INT_CONVERSION = YES;
				CLANG_WARN_OBJC_ROOT_CLASS = YES_ERROR;
				CLANG_WARN_UNREACHABLE_CODE = YES;
				CLANG_WARN__DUPLICATE_METHOD_MATCH = YES;
				"CODE_SIGN_IDENTITY[sdk=iphoneos*]" = "iPhone Developer";
				COPY_PHASE_STRIP = NO;
				ENABLE_STRICT_OBJC_MSGSEND = YES;
				GCC_C_LANGUAGE_STANDARD = gnu99;
				GCC_DYNAMIC_NO_PIC = NO;
				GCC_OPTIMIZATION_LEVEL = 0;
				GCC_PREPROCESSOR_DEFINITIONS = (
					"DEBUG=1",
					"$(inherited)",
				);
				GCC_SYMBOLS_PRIVATE_EXTERN = NO;
				GCC_WARN_64_TO_32_BIT_CONVERSION = YES;
				GCC_WARN_ABOUT_RETURN_TYPE = YES_ERROR;
				GCC_WARN_UNDECLARED_SELECTOR = YES;
				GCC_WARN_UNINITIALIZED_AUTOS = YES_AGGRESSIVE;
				GCC_WARN_UNUSED_FUNCTION = YES;
				GCC_WARN_UNUSED_VARIABLE = YES;
				IPHONEOS_DEPLOYMENT_TARGET = 8.0;
				MTL_ENABLE_DEBUG_INFO = YES;
				ONLY_ACTIVE_ARCH = YES;
				SDKROOT = iphoneos;
				SWIFT_OPTIMIZATION_LEVEL = "-Onone";
			};
			name = Debug;
		};
		2AC0551E19F2E51A0068B2E2 /* Release */ = {
			isa = XCBuildConfiguration;
			buildSettings = {
				ALWAYS_SEARCH_USER_PATHS = NO;
				CLANG_CXX_LANGUAGE_STANDARD = "gnu++0x";
				CLANG_CXX_LIBRARY = "libc++";
				CLANG_ENABLE_MODULES = YES;
				CLANG_ENABLE_OBJC_ARC = YES;
				CLANG_WARN_BOOL_CONVERSION = YES;
				CLANG_WARN_CONSTANT_CONVERSION = YES;
				CLANG_WARN_DIRECT_OBJC_ISA_USAGE = YES_ERROR;
				CLANG_WARN_EMPTY_BODY = YES;
				CLANG_WARN_ENUM_CONVERSION = YES;
				CLANG_WARN_INT_CONVERSION = YES;
				CLANG_WARN_OBJC_ROOT_CLASS = YES_ERROR;
				CLANG_WARN_UNREACHABLE_CODE = YES;
				CLANG_WARN__DUPLICATE_METHOD_MATCH = YES;
				"CODE_SIGN_IDENTITY[sdk=iphoneos*]" = "iPhone Developer";
				COPY_PHASE_STRIP = YES;
				ENABLE_NS_ASSERTIONS = NO;
				ENABLE_STRICT_OBJC_MSGSEND = YES;
				GCC_C_LANGUAGE_STANDARD = gnu99;
				GCC_WARN_64_TO_32_BIT_CONVERSION = YES;
				GCC_WARN_ABOUT_RETURN_TYPE = YES_ERROR;
				GCC_WARN_UNDECLARED_SELECTOR = YES;
				GCC_WARN_UNINITIALIZED_AUTOS = YES_AGGRESSIVE;
				GCC_WARN_UNUSED_FUNCTION = YES;
				GCC_WARN_UNUSED_VARIABLE = YES;
				IPHONEOS_DEPLOYMENT_TARGET = 8.0;
				MTL_ENABLE_DEBUG_INFO = NO;
				SDKROOT = iphoneos;
				VALIDATE_PRODUCT = YES;
			};
			name = Release;
		};
		2AC0552019F2E51A0068B2E2 /* Debug */ = {
			isa = XCBuildConfiguration;
			buildSettings = {
				ASSETCATALOG_COMPILER_APPICON_NAME = AppIcon;
				CLANG_ENABLE_MODULES = YES;
				INFOPLIST_FILE = Trasher/Info.plist;
				LD_RUNPATH_SEARCH_PATHS = "$(inherited) @executable_path/Frameworks";
				PRODUCT_NAME = "$(TARGET_NAME)";
				SWIFT_OBJC_BRIDGING_HEADER = "Trasher/Trasher-Bridging-Header.h";
				SWIFT_OPTIMIZATION_LEVEL = "-Onone";
			};
			name = Debug;
		};
		2AC0552119F2E51A0068B2E2 /* Release */ = {
			isa = XCBuildConfiguration;
			buildSettings = {
				ASSETCATALOG_COMPILER_APPICON_NAME = AppIcon;
				CLANG_ENABLE_MODULES = YES;
				INFOPLIST_FILE = Trasher/Info.plist;
				LD_RUNPATH_SEARCH_PATHS = "$(inherited) @executable_path/Frameworks";
				PRODUCT_NAME = "$(TARGET_NAME)";
				SWIFT_OBJC_BRIDGING_HEADER = "Trasher/Trasher-Bridging-Header.h";
			};
			name = Release;
		};
		2AC0552319F2E51A0068B2E2 /* Debug */ = {
			isa = XCBuildConfiguration;
			buildSettings = {
				BUNDLE_LOADER = "$(TEST_HOST)";
				FRAMEWORK_SEARCH_PATHS = (
					"$(SDKROOT)/Developer/Library/Frameworks",
					"$(inherited)",
				);
				GCC_PREPROCESSOR_DEFINITIONS = (
					"DEBUG=1",
					"$(inherited)",
				);
				INFOPLIST_FILE = TrasherTests/Info.plist;
				LD_RUNPATH_SEARCH_PATHS = "$(inherited) @executable_path/Frameworks @loader_path/Frameworks";
				PRODUCT_NAME = "$(TARGET_NAME)";
				TEST_HOST = "$(BUILT_PRODUCTS_DIR)/Trasher.app/Trasher";
			};
			name = Debug;
		};
		2AC0552419F2E51A0068B2E2 /* Release */ = {
			isa = XCBuildConfiguration;
			buildSettings = {
				BUNDLE_LOADER = "$(TEST_HOST)";
				FRAMEWORK_SEARCH_PATHS = (
					"$(SDKROOT)/Developer/Library/Frameworks",
					"$(inherited)",
				);
				INFOPLIST_FILE = TrasherTests/Info.plist;
				LD_RUNPATH_SEARCH_PATHS = "$(inherited) @executable_path/Frameworks @loader_path/Frameworks";
				PRODUCT_NAME = "$(TARGET_NAME)";
				TEST_HOST = "$(BUILT_PRODUCTS_DIR)/Trasher.app/Trasher";
			};
			name = Release;
		};
/* End XCBuildConfiguration section */

/* Begin XCConfigurationList section */
		2AC054F819F2E5190068B2E2 /* Build configuration list for PBXProject "Trasher" */ = {
			isa = XCConfigurationList;
			buildConfigurations = (
				2AC0551D19F2E51A0068B2E2 /* Debug */,
				2AC0551E19F2E51A0068B2E2 /* Release */,
			);
			defaultConfigurationIsVisible = 0;
			defaultConfigurationName = Release;
		};
		2AC0551F19F2E51A0068B2E2 /* Build configuration list for PBXNativeTarget "Trasher" */ = {
			isa = XCConfigurationList;
			buildConfigurations = (
				2AC0552019F2E51A0068B2E2 /* Debug */,
				2AC0552119F2E51A0068B2E2 /* Release */,
			);
			defaultConfigurationIsVisible = 0;
			defaultConfigurationName = Release;
		};
		2AC0552219F2E51A0068B2E2 /* Build configuration list for PBXNativeTarget "TrasherTests" */ = {
			isa = XCConfigurationList;
			buildConfigurations = (
				2AC0552319F2E51A0068B2E2 /* Debug */,
				2AC0552419F2E51A0068B2E2 /* Release */,
			);
			defaultConfigurationIsVisible = 0;
			defaultConfigurationName = Release;
		};
/* End XCConfigurationList section */

/* Begin XCVersionGroup section */
		2AC0550419F2E5190068B2E2 /* Trasher.xcdatamodeld */ = {
			isa = XCVersionGroup;
			children = (
				2AE6DC281A1E6AE000F5C397 /* Trasher v1.1.xcdatamodel */,
				2AC0550519F2E5190068B2E2 /* Trasher.xcdatamodel */,
			);
			currentVersion = 2AE6DC281A1E6AE000F5C397 /* Trasher v1.1.xcdatamodel */;
			path = Trasher.xcdatamodeld;
			sourceTree = "<group>";
			versionGroupType = wrapper.xcdatamodel;
		};
/* End XCVersionGroup section */
	};
	rootObject = 2AC054F519F2E5190068B2E2 /* Project object */;
}
